
Microsoft Visual Studio Solution File, Format Version 12.00
# Visual Studio Version 17
VisualStudioVersion = 17.14.36623.8 d17.14
MinimumVisualStudioVersion = 10.0.40219.1
Project("{FAE04EC0-301F-11D3-BF4B-00C04F79EFBC}") = "ASCII-Art-Generator", "ASCII-Art-Generator.csproj", "{5E55050D-D4C3-4CC0-88B5-8960107B099D}"
EndProject
Global
	GlobalSection(SolutionConfigurationPlatforms) = preSolution
		Debug|Any CPU = Debug|Any CPU
		Release|Any CPU = Release|Any CPU
	EndGlobalSection
	GlobalSection(ProjectConfigurationPlatforms) = postSolution
		{5E55050D-D4C3-4CC0-88B5-8960107B099D}.Debug|Any CPU.ActiveCfg = Debug|Any CPU
		{5E55050D-D4C3-4CC0-88B5-8960107B099D}.Debug|Any CPU.Build.0 = Debug|Any CPU
		{5E55050D-D4C3-4CC0-88B5-8960107B099D}.Release|Any CPU.ActiveCfg = Release|Any CPU
		{5E55050D-D4C3-4CC0-88B5-8960107B099D}.Release|Any CPU.Build.0 = Release|Any CPU
	EndGlobalSection
	GlobalSection(SolutionProperties) = preSolution
		HideSolutionNode = FALSE
	EndGlobalSection
	GlobalSection(ExtensibilityGlobals) = postSolution
		SolutionGuid = {AF17DA53-1037-4168-9044-87E4F29A5756}
	EndGlobalSection
EndGlobal
